
Microsoft Visual Studio Solution File, Format Version 12.00
# Visual Studio Version 16
VisualStudioVersion = 16.0.31019.35
MinimumVisualStudioVersion = 10.0.40219.1
Project("{9A19103F-16F7-4668-BE54-9A1E7A4F7556}") = "FacebookVideosDownloader", "FacebookVideosDownloader.csproj", "{C56BB817-8DD4-466A-A5E8-BF548F278808}"
EndProject
Global
	GlobalSection(SolutionConfigurationPlatforms) = preSolution
		Debug|Any CPU = Debug|Any CPU
		Release|Any CPU = Release|Any CPU
	EndGlobalSection
	GlobalSection(ProjectConfigurationPlatforms) = postSolution
		{C56BB817-8DD4-466A-A5E8-BF548F278808}.Debug|Any CPU.ActiveCfg = Debug|Any CPU
		{C56BB817-8DD4-466A-A5E8-BF548F278808}.Debug|Any CPU.Build.0 = Debug|Any CPU
		{C56BB817-8DD4-466A-A5E8-BF548F278808}.Release|Any CPU.ActiveCfg = Release|Any CPU
		{C56BB817-8DD4-466A-A5E8-BF548F278808}.Release|Any CPU.Build.0 = Release|Any CPU
	EndGlobalSection
	GlobalSection(SolutionProperties) = preSolution
		HideSolutionNode = FALSE
	EndGlobalSection
	GlobalSection(ExtensibilityGlobals) = postSolution
		SolutionGuid = {F62B86D4-A7E7-4F87-99A8-80295F3BA69A}
	EndGlobalSection
EndGlobal
